
Microsoft Visual Studio Solution File, Format Version 12.00
# Visual Studio Version 17
VisualStudioVersion = 17.11.35327.3
MinimumVisualStudioVersion = 10.0.40219.1
Project("{FAE04EC0-301F-11D3-BF4B-00C04F79EFBC}") = "UniSystem", "UniSystem\UniSystem.csproj", "{8AC06A46-A992-4C8C-8D4B-6E2BCB8D84D1}"
EndProject
Global
	GlobalSection(SolutionConfigurationPlatforms) = preSolution
		Debug|Any CPU = Debug|Any CPU
		Release|Any CPU = Release|Any CPU
	EndGlobalSection
	GlobalSection(ProjectConfigurationPlatforms) = postSolution
		{8AC06A46-A992-4C8C-8D4B-6E2BCB8D84D1}.Debug|Any CPU.ActiveCfg = Debug|Any CPU
		{8AC06A46-A992-4C8C-8D4B-6E2BCB8D84D1}.Debug|Any CPU.Build.0 = Debug|Any CPU
		{8AC06A46-A992-4C8C-8D4B-6E2BCB8D84D1}.Release|Any CPU.ActiveCfg = Release|Any CPU
		{8AC06A46-A992-4C8C-8D4B-6E2BCB8D84D1}.Release|Any CPU.Build.0 = Release|Any CPU
	EndGlobalSection
	GlobalSection(SolutionProperties) = preSolution
		HideSolutionNode = FALSE
	EndGlobalSection
	GlobalSection(ExtensibilityGlobals) = postSolution
		SolutionGuid = {F844760B-AAB9-476D-99E9-A65AB0BF7F32}
	EndGlobalSection
EndGlobal
