
Microsoft Visual Studio Solution File, Format Version 12.00
# Visual Studio Version 17
VisualStudioVersion = 17.11.35327.3
MinimumVisualStudioVersion = 10.0.40219.1
Project("{FAE04EC0-301F-11D3-BF4B-00C04F79EFBC}") = "QuestionFluentAPI", "QuestionFluentAPI\QuestionFluentAPI.csproj", "{E2488EC7-A1CC-45D5-A4A9-C5AB985F71BA}"
EndProject
Global
	GlobalSection(SolutionConfigurationPlatforms) = preSolution
		Debug|Any CPU = Debug|Any CPU
		Release|Any CPU = Release|Any CPU
	EndGlobalSection
	GlobalSection(ProjectConfigurationPlatforms) = postSolution
		{E2488EC7-A1CC-45D5-A4A9-C5AB985F71BA}.Debug|Any CPU.ActiveCfg = Debug|Any CPU
		{E2488EC7-A1CC-45D5-A4A9-C5AB985F71BA}.Debug|Any CPU.Build.0 = Debug|Any CPU
		{E2488EC7-A1CC-45D5-A4A9-C5AB985F71BA}.Release|Any CPU.ActiveCfg = Release|Any CPU
		{E2488EC7-A1CC-45D5-A4A9-C5AB985F71BA}.Release|Any CPU.Build.0 = Release|Any CPU
	EndGlobalSection
	GlobalSection(SolutionProperties) = preSolution
		HideSolutionNode = FALSE
	EndGlobalSection
	GlobalSection(ExtensibilityGlobals) = postSolution
		SolutionGuid = {8962EE3A-AD08-4F5E-8273-D0A06DE0CA45}
	EndGlobalSection
EndGlobal
